
Microsoft Visual Studio Solution File, Format Version 12.00
# Visual Studio Version 17
VisualStudioVersion = 17.9.34310.174
MinimumVisualStudioVersion = 10.0.40219.1
Project("{9A19103F-16F7-4668-BE54-9A1E7A4F7556}") = "sagajsonstatepatch", "sagajsonstatepatch.csproj", "{9FAAC13E-617A-4132-9437-9026FD72ABAD}"
EndProject
Global
	GlobalSection(SolutionConfigurationPlatforms) = preSolution
		Debug|Any CPU = Debug|Any CPU
		Release|Any CPU = Release|Any CPU
	EndGlobalSection
	GlobalSection(ProjectConfigurationPlatforms) = postSolution
		{9FAAC13E-617A-4132-9437-9026FD72ABAD}.Debug|Any CPU.ActiveCfg = Debug|Any CPU
		{9FAAC13E-617A-4132-9437-9026FD72ABAD}.Debug|Any CPU.Build.0 = Debug|Any CPU
		{9FAAC13E-617A-4132-9437-9026FD72ABAD}.Release|Any CPU.ActiveCfg = Release|Any CPU
		{9FAAC13E-617A-4132-9437-9026FD72ABAD}.Release|Any CPU.Build.0 = Release|Any CPU
	EndGlobalSection
	GlobalSection(SolutionProperties) = preSolution
		HideSolutionNode = FALSE
	EndGlobalSection
	GlobalSection(ExtensibilityGlobals) = postSolution
		SolutionGuid = {7433BB9B-33D3-40FC-83DE-E34469E91052}
	EndGlobalSection
EndGlobal
