Microsoft Visual Studio Solution File, Format Version 12.00
# Visual Studio 15
VisualStudioVersion = 15.0.27004.2009
MinimumVisualStudioVersion = 15.0.26403.0
Project("{9A19103F-16F7-4668-BE54-9A1E7A4F7556}") = "Shared", "Shared\Shared.csproj", "{595E1284-D95D-47ED-8A59-43BB17123BE3}"
EndProject
Project("{9A19103F-16F7-4668-BE54-9A1E7A4F7556}") = "MySqlSample", "MySqlSample\MySqlSample.csproj", "{785A51DE-68BA-44E5-8727-7C0D57D38B0F}"
EndProject
Project("{9A19103F-16F7-4668-BE54-9A1E7A4F7556}") = "SqlServerSample", "SqlServerSample\SqlServerSample.csproj", "{CC7CDF07-B297-4C7D-913F-2A83724DE01F}"
EndProject
Project("{9A19103F-16F7-4668-BE54-9A1E7A4F7556}") = "OracleSample", "OracleSample\OracleSample.csproj", "{E7089FA4-6E0E-443E-B6B3-86D07B092A52}"
EndProject
Project("{2150E333-8FDC-42A3-9474-1A3956D46DE8}") = "Solution Items", "Solution Items", "{59006A92-CC0F-4A5C-9CE2-D43BC11882CB}"
	ProjectSection(SolutionItems) = preProject
		Directory.Build.targets = Directory.Build.targets
	EndProjectSection
Project("{9A19103F-16F7-4668-BE54-9A1E7A4F7556}") = "PostgreSqlSample", "PostgreSqlSample\PostgreSqlSample.csproj", "{F622C7AD-35FC-45F4-89FE-C3AC6B16ED0C}"
EndProject
Global
	GlobalSection(SolutionConfigurationPlatforms) = preSolution
		Debug|Any CPU = Debug|Any CPU
		Release|Any CPU = Release|Any CPU
	EndGlobalSection
	GlobalSection(ProjectConfigurationPlatforms) = postSolution
		{595E1284-D95D-47ED-8A59-43BB17123BE3}.Debug|Any CPU.ActiveCfg = Debug|Any CPU
		{595E1284-D95D-47ED-8A59-43BB17123BE3}.Debug|Any CPU.Build.0 = Debug|Any CPU
		{595E1284-D95D-47ED-8A59-43BB17123BE3}.Release|Any CPU.ActiveCfg = Release|Any CPU
		{595E1284-D95D-47ED-8A59-43BB17123BE3}.Release|Any CPU.Build.0 = Release|Any CPU
		{785A51DE-68BA-44E5-8727-7C0D57D38B0F}.Debug|Any CPU.ActiveCfg = Debug|Any CPU
		{785A51DE-68BA-44E5-8727-7C0D57D38B0F}.Debug|Any CPU.Build.0 = Debug|Any CPU
		{785A51DE-68BA-44E5-8727-7C0D57D38B0F}.Release|Any CPU.ActiveCfg = Release|Any CPU
		{785A51DE-68BA-44E5-8727-7C0D57D38B0F}.Release|Any CPU.Build.0 = Release|Any CPU
		{CC7CDF07-B297-4C7D-913F-2A83724DE01F}.Debug|Any CPU.ActiveCfg = Debug|Any CPU
		{CC7CDF07-B297-4C7D-913F-2A83724DE01F}.Debug|Any CPU.Build.0 = Debug|Any CPU
		{CC7CDF07-B297-4C7D-913F-2A83724DE01F}.Release|Any CPU.ActiveCfg = Release|Any CPU
		{CC7CDF07-B297-4C7D-913F-2A83724DE01F}.Release|Any CPU.Build.0 = Release|Any CPU
		{E7089FA4-6E0E-443E-B6B3-86D07B092A52}.Debug|Any CPU.ActiveCfg = Debug|Any CPU
		{E7089FA4-6E0E-443E-B6B3-86D07B092A52}.Debug|Any CPU.Build.0 = Debug|Any CPU
		{E7089FA4-6E0E-443E-B6B3-86D07B092A52}.Release|Any CPU.ActiveCfg = Release|Any CPU
		{E7089FA4-6E0E-443E-B6B3-86D07B092A52}.Release|Any CPU.Build.0 = Release|Any CPU
		{F622C7AD-35FC-45F4-89FE-C3AC6B16ED0C}.Debug|Any CPU.ActiveCfg = Debug|Any CPU
		{F622C7AD-35FC-45F4-89FE-C3AC6B16ED0C}.Debug|Any CPU.Build.0 = Debug|Any CPU
		{F622C7AD-35FC-45F4-89FE-C3AC6B16ED0C}.Release|Any CPU.ActiveCfg = Release|Any CPU
		{F622C7AD-35FC-45F4-89FE-C3AC6B16ED0C}.Release|Any CPU.Build.0 = Release|Any CPU
	EndGlobalSection
	GlobalSection(SolutionProperties) = preSolution
		HideSolutionNode = FALSE
	EndGlobalSection
	GlobalSection(ExtensibilityGlobals) = postSolution
		SolutionGuid = {44B970CF-D915-4CE4-B415-A5ACEC4A8CE9}
	EndGlobalSection
EndGlobal
