
Microsoft Visual Studio Solution File, Format Version 12.00
# Visual Studio Version 17
VisualStudioVersion = 17.1.32328.378
MinimumVisualStudioVersion = 15.0.26403.0
Project("{9A19103F-16F7-4668-BE54-9A1E7A4F7556}") = "SqlPersistence", "SqlPersistence\SqlPersistence.csproj", "{E3CF4CB1-9F87-4F81-B6B0-B599035C1BCE}"
EndProject
Project("{9A19103F-16F7-4668-BE54-9A1E7A4F7556}") = "SqlPersistence.Tests", "SqlPersistence.Tests\SqlPersistence.Tests.csproj", "{5FE6F59E-67B8-4B84-8365-67CDFF4145AE}"
EndProject
Project("{9A19103F-16F7-4668-BE54-9A1E7A4F7556}") = "ScriptBuilderTask", "ScriptBuilderTask\ScriptBuilderTask.csproj", "{63784399-65AF-424A-B2AD-0C94AE326823}"
EndProject
Project("{9A19103F-16F7-4668-BE54-9A1E7A4F7556}") = "ScriptBuilder", "ScriptBuilder\ScriptBuilder.csproj", "{438D76FC-8BB8-4B40-80A5-F846A450FBD1}"
EndProject
Project("{9A19103F-16F7-4668-BE54-9A1E7A4F7556}") = "ScriptBuilder.Tests", "ScriptBuilder.Tests\ScriptBuilder.Tests.csproj", "{F5D5557D-0A16-490A-A0DB-B8865CB4D77E}"
EndProject
Project("{9A19103F-16F7-4668-BE54-9A1E7A4F7556}") = "MsSqlSystemDataClientAcceptanceTests", "MsSqlSystemDataClientAcceptanceTests\MsSqlSystemDataClientAcceptanceTests.csproj", "{D7439DC8-6400-4740-855B-BF68AA7C6B05}"
EndProject
Project("{2150E333-8FDC-42A3-9474-1A3956D46DE8}") = "AcceptanceTests", "AcceptanceTests", "{8E942C0C-AAAB-4962-87F6-3D0F584003F2}"
EndProject
Project("{9A19103F-16F7-4668-BE54-9A1E7A4F7556}") = "MySqlAcceptanceTests", "MySqlAcceptanceTests\MySqlAcceptanceTests.csproj", "{B79BC184-2A06-4B40-9B45-C4722EEDA09D}"
EndProject
Project("{9A19103F-16F7-4668-BE54-9A1E7A4F7556}") = "AcceptanceTestHelper", "AcceptanceTestHelper\AcceptanceTestHelper.csproj", "{88A9E98A-0DDD-4D48-B073-0255B36A7E6F}"
EndProject
Project("{9A19103F-16F7-4668-BE54-9A1E7A4F7556}") = "TestHelper", "TestHelper\TestHelper.csproj", "{9545ECAB-396F-4ECB-AB79-4C3AFD48BA93}"
EndProject
Project("{9A19103F-16F7-4668-BE54-9A1E7A4F7556}") = "ScriptBuilderTask.Tests", "ScriptBuilderTask.Tests\ScriptBuilderTask.Tests.csproj", "{4FE2A543-0EDA-4A6E-BFF7-278F2AD71E55}"
EndProject
Project("{9A19103F-16F7-4668-BE54-9A1E7A4F7556}") = "ScriptBuilderTask.Tests.Target", "ScriptBuilderTask.Tests.Target\ScriptBuilderTask.Tests.Target.csproj", "{D6836F7B-0D9F-45B2-ACB5-851978B7C234}"
EndProject
Project("{9A19103F-16F7-4668-BE54-9A1E7A4F7556}") = "OracleAcceptanceTests", "OracleAcceptanceTests\OracleAcceptanceTests.csproj", "{6DFB669B-7BB0-409B-90AE-6968470EA2CB}"
EndProject
Project("{9A19103F-16F7-4668-BE54-9A1E7A4F7556}") = "PostgreSqlAcceptanceTests", "PostgreSqlAcceptanceTests\PostgreSqlAcceptanceTests.csproj", "{2247EC45-45DE-4D00-9343-C0FBC3C8EFB4}"
EndProject
Project("{2150E333-8FDC-42A3-9474-1A3956D46DE8}") = "Solution Items", "Solution Items", "{FB898D09-ADF0-49D4-8089-D743F1A31D12}"
	ProjectSection(SolutionItems) = preProject
		Directory.Build.props = Directory.Build.props
	EndProjectSection
EndProject
Project("{9A19103F-16F7-4668-BE54-9A1E7A4F7556}") = "MsSqlSystemDataClientSqlTransportAcceptanceTests", "MsSqlSystemDataClientSqlTransportAcceptanceTests\MsSqlSystemDataClientSqlTransportAcceptanceTests.csproj", "{0E98C052-F67F-4826-A344-7685504CA955}"
EndProject
Project("{778DAE3C-4631-46EA-AA77-85C1314464D9}") = "VBTestCode", "VBTestCode\VBTestCode.vbproj", "{86E76F2D-6743-442E-BDAD-80D6A872D4FA}"
EndProject
Project("{9A19103F-16F7-4668-BE54-9A1E7A4F7556}") = "MsSqlMicrosoftDataClientSqlTransportAcceptanceTests", "MsSqlMicrosoftDataClientSqlTransportAcceptanceTests\MsSqlMicrosoftDataClientSqlTransportAcceptanceTests.csproj", "{FD72D8C3-5FAC-4D33-AD68-FF0857132007}"
EndProject
Project("{9A19103F-16F7-4668-BE54-9A1E7A4F7556}") = "MsSqlMicrosoftDataClientAcceptanceTests", "MsSqlMicrosoftDataClientAcceptanceTests\MsSqlMicrosoftDataClientAcceptanceTests.csproj", "{7C16BE00-7198-4B6C-A094-C0B62A539F77}"
EndProject
Project("{9A19103F-16F7-4668-BE54-9A1E7A4F7556}") = "SqlPersistence.PersistenceTests", "SqlPersistence.PersistenceTests\SqlPersistence.PersistenceTests.csproj", "{E38E90AF-2F79-490E-8EE1-6650C2BDF49C}"
EndProject
Project("{9A19103F-16F7-4668-BE54-9A1E7A4F7556}") = "NServiceBus.Persistence.Sql.CommandLine", "CommandLine\NServiceBus.Persistence.Sql.CommandLine.csproj", "{DC682A5A-3ECD-4FB1-826E-A2BD988F40E3}"
EndProject
Project("{9A19103F-16F7-4668-BE54-9A1E7A4F7556}") = "NServiceBus.Persistence.Sql.TransactionalSession", "NServiceBus.Persistence.Sql.TransactionalSession\NServiceBus.Persistence.Sql.TransactionalSession.csproj", "{67DC5C83-52A4-4C53-8948-A223DE05FF1E}"
EndProject
Project("{9A19103F-16F7-4668-BE54-9A1E7A4F7556}") = "TransactionalSession.MsSqlMicrosoftDataClient.AcceptanceTests", "TransactionalSession.MsSqlMicrosoftDataClient.AcceptanceTests\TransactionalSession.MsSqlMicrosoftDataClient.AcceptanceTests.csproj", "{20DA1B6B-651B-480F-BEA9-3E92673C5793}"
EndProject
Project("{9A19103F-16F7-4668-BE54-9A1E7A4F7556}") = "TransactionalSession.Tests", "TransactionalSession.Tests\TransactionalSession.Tests.csproj", "{DE280E3C-E711-4543-BF53-09D7840C3033}"
EndProject
Project("{9A19103F-16F7-4668-BE54-9A1E7A4F7556}") = "TransactionalSession.MsSqlSystemDataClient.AcceptanceTests", "TransactionalSession.MsSqlSystemDataClient.AcceptanceTests\TransactionalSession.MsSqlSystemDataClient.AcceptanceTests.csproj", "{AB33F7C1-FF29-4958-B176-81AC227451A5}"
EndProject
Project("{9A19103F-16F7-4668-BE54-9A1E7A4F7556}") = "AuroraMySqlAcceptanceTests", "AuroraMySqlAcceptanceTests\AuroraMySqlAcceptanceTests.csproj", "{A4CBD2B1-0E53-42AA-8AFA-E72C9D1180FE}"
EndProject
Project("{9A19103F-16F7-4668-BE54-9A1E7A4F7556}") = "AuroraSetup", "AuroraSetup\AuroraSetup.csproj", "{B1B4FF6C-354C-4B73-B383-CD1D4F76400C}"
EndProject
Global
	GlobalSection(SolutionConfigurationPlatforms) = preSolution
		Debug|Any CPU = Debug|Any CPU
		Release|Any CPU = Release|Any CPU
	EndGlobalSection
	GlobalSection(ProjectConfigurationPlatforms) = postSolution
		{E3CF4CB1-9F87-4F81-B6B0-B599035C1BCE}.Debug|Any CPU.ActiveCfg = Debug|Any CPU
		{E3CF4CB1-9F87-4F81-B6B0-B599035C1BCE}.Debug|Any CPU.Build.0 = Debug|Any CPU
		{E3CF4CB1-9F87-4F81-B6B0-B599035C1BCE}.Release|Any CPU.ActiveCfg = Release|Any CPU
		{E3CF4CB1-9F87-4F81-B6B0-B599035C1BCE}.Release|Any CPU.Build.0 = Release|Any CPU
		{5FE6F59E-67B8-4B84-8365-67CDFF4145AE}.Debug|Any CPU.ActiveCfg = Debug|Any CPU
		{5FE6F59E-67B8-4B84-8365-67CDFF4145AE}.Debug|Any CPU.Build.0 = Debug|Any CPU
		{5FE6F59E-67B8-4B84-8365-67CDFF4145AE}.Release|Any CPU.ActiveCfg = Release|Any CPU
		{5FE6F59E-67B8-4B84-8365-67CDFF4145AE}.Release|Any CPU.Build.0 = Release|Any CPU
		{63784399-65AF-424A-B2AD-0C94AE326823}.Debug|Any CPU.ActiveCfg = Debug|Any CPU
		{63784399-65AF-424A-B2AD-0C94AE326823}.Debug|Any CPU.Build.0 = Debug|Any CPU
		{63784399-65AF-424A-B2AD-0C94AE326823}.Release|Any CPU.ActiveCfg = Release|Any CPU
		{63784399-65AF-424A-B2AD-0C94AE326823}.Release|Any CPU.Build.0 = Release|Any CPU
		{438D76FC-8BB8-4B40-80A5-F846A450FBD1}.Debug|Any CPU.ActiveCfg = Debug|Any CPU
		{438D76FC-8BB8-4B40-80A5-F846A450FBD1}.Debug|Any CPU.Build.0 = Debug|Any CPU
		{438D76FC-8BB8-4B40-80A5-F846A450FBD1}.Release|Any CPU.ActiveCfg = Release|Any CPU
		{438D76FC-8BB8-4B40-80A5-F846A450FBD1}.Release|Any CPU.Build.0 = Release|Any CPU
		{F5D5557D-0A16-490A-A0DB-B8865CB4D77E}.Debug|Any CPU.ActiveCfg = Debug|Any CPU
		{F5D5557D-0A16-490A-A0DB-B8865CB4D77E}.Debug|Any CPU.Build.0 = Debug|Any CPU
		{F5D5557D-0A16-490A-A0DB-B8865CB4D77E}.Release|Any CPU.ActiveCfg = Release|Any CPU
		{F5D5557D-0A16-490A-A0DB-B8865CB4D77E}.Release|Any CPU.Build.0 = Release|Any CPU
		{D7439DC8-6400-4740-855B-BF68AA7C6B05}.Debug|Any CPU.ActiveCfg = Debug|Any CPU
		{D7439DC8-6400-4740-855B-BF68AA7C6B05}.Debug|Any CPU.Build.0 = Debug|Any CPU
		{D7439DC8-6400-4740-855B-BF68AA7C6B05}.Release|Any CPU.ActiveCfg = Release|Any CPU
		{D7439DC8-6400-4740-855B-BF68AA7C6B05}.Release|Any CPU.Build.0 = Release|Any CPU
		{B79BC184-2A06-4B40-9B45-C4722EEDA09D}.Debug|Any CPU.ActiveCfg = Debug|Any CPU
		{B79BC184-2A06-4B40-9B45-C4722EEDA09D}.Debug|Any CPU.Build.0 = Debug|Any CPU
		{B79BC184-2A06-4B40-9B45-C4722EEDA09D}.Release|Any CPU.ActiveCfg = Release|Any CPU
		{B79BC184-2A06-4B40-9B45-C4722EEDA09D}.Release|Any CPU.Build.0 = Release|Any CPU
		{88A9E98A-0DDD-4D48-B073-0255B36A7E6F}.Debug|Any CPU.ActiveCfg = Debug|Any CPU
		{88A9E98A-0DDD-4D48-B073-0255B36A7E6F}.Debug|Any CPU.Build.0 = Debug|Any CPU
		{88A9E98A-0DDD-4D48-B073-0255B36A7E6F}.Release|Any CPU.ActiveCfg = Release|Any CPU
		{88A9E98A-0DDD-4D48-B073-0255B36A7E6F}.Release|Any CPU.Build.0 = Release|Any CPU
		{9545ECAB-396F-4ECB-AB79-4C3AFD48BA93}.Debug|Any CPU.ActiveCfg = Debug|Any CPU
		{9545ECAB-396F-4ECB-AB79-4C3AFD48BA93}.Debug|Any CPU.Build.0 = Debug|Any CPU
		{9545ECAB-396F-4ECB-AB79-4C3AFD48BA93}.Release|Any CPU.ActiveCfg = Release|Any CPU
		{9545ECAB-396F-4ECB-AB79-4C3AFD48BA93}.Release|Any CPU.Build.0 = Release|Any CPU
		{4FE2A543-0EDA-4A6E-BFF7-278F2AD71E55}.Debug|Any CPU.ActiveCfg = Debug|Any CPU
		{4FE2A543-0EDA-4A6E-BFF7-278F2AD71E55}.Debug|Any CPU.Build.0 = Debug|Any CPU
		{4FE2A543-0EDA-4A6E-BFF7-278F2AD71E55}.Release|Any CPU.ActiveCfg = Release|Any CPU
		{4FE2A543-0EDA-4A6E-BFF7-278F2AD71E55}.Release|Any CPU.Build.0 = Release|Any CPU
		{D6836F7B-0D9F-45B2-ACB5-851978B7C234}.Debug|Any CPU.ActiveCfg = Debug|Any CPU
		{D6836F7B-0D9F-45B2-ACB5-851978B7C234}.Debug|Any CPU.Build.0 = Debug|Any CPU
		{D6836F7B-0D9F-45B2-ACB5-851978B7C234}.Release|Any CPU.ActiveCfg = Release|Any CPU
		{D6836F7B-0D9F-45B2-ACB5-851978B7C234}.Release|Any CPU.Build.0 = Release|Any CPU
		{6DFB669B-7BB0-409B-90AE-6968470EA2CB}.Debug|Any CPU.ActiveCfg = Debug|Any CPU
		{6DFB669B-7BB0-409B-90AE-6968470EA2CB}.Debug|Any CPU.Build.0 = Debug|Any CPU
		{6DFB669B-7BB0-409B-90AE-6968470EA2CB}.Release|Any CPU.ActiveCfg = Release|Any CPU
		{6DFB669B-7BB0-409B-90AE-6968470EA2CB}.Release|Any CPU.Build.0 = Release|Any CPU
		{2247EC45-45DE-4D00-9343-C0FBC3C8EFB4}.Debug|Any CPU.ActiveCfg = Debug|Any CPU
		{2247EC45-45DE-4D00-9343-C0FBC3C8EFB4}.Debug|Any CPU.Build.0 = Debug|Any CPU
		{2247EC45-45DE-4D00-9343-C0FBC3C8EFB4}.Release|Any CPU.ActiveCfg = Release|Any CPU
		{2247EC45-45DE-4D00-9343-C0FBC3C8EFB4}.Release|Any CPU.Build.0 = Release|Any CPU
		{0E98C052-F67F-4826-A344-7685504CA955}.Debug|Any CPU.ActiveCfg = Debug|Any CPU
		{0E98C052-F67F-4826-A344-7685504CA955}.Debug|Any CPU.Build.0 = Debug|Any CPU
		{0E98C052-F67F-4826-A344-7685504CA955}.Release|Any CPU.ActiveCfg = Release|Any CPU
		{0E98C052-F67F-4826-A344-7685504CA955}.Release|Any CPU.Build.0 = Release|Any CPU
		{86E76F2D-6743-442E-BDAD-80D6A872D4FA}.Debug|Any CPU.ActiveCfg = Debug|Any CPU
		{86E76F2D-6743-442E-BDAD-80D6A872D4FA}.Debug|Any CPU.Build.0 = Debug|Any CPU
		{86E76F2D-6743-442E-BDAD-80D6A872D4FA}.Release|Any CPU.ActiveCfg = Release|Any CPU
		{86E76F2D-6743-442E-BDAD-80D6A872D4FA}.Release|Any CPU.Build.0 = Release|Any CPU
		{FD72D8C3-5FAC-4D33-AD68-FF0857132007}.Debug|Any CPU.ActiveCfg = Debug|Any CPU
		{FD72D8C3-5FAC-4D33-AD68-FF0857132007}.Debug|Any CPU.Build.0 = Debug|Any CPU
		{FD72D8C3-5FAC-4D33-AD68-FF0857132007}.Release|Any CPU.ActiveCfg = Release|Any CPU
		{FD72D8C3-5FAC-4D33-AD68-FF0857132007}.Release|Any CPU.Build.0 = Release|Any CPU
		{7C16BE00-7198-4B6C-A094-C0B62A539F77}.Debug|Any CPU.ActiveCfg = Debug|Any CPU
		{7C16BE00-7198-4B6C-A094-C0B62A539F77}.Debug|Any CPU.Build.0 = Debug|Any CPU
		{7C16BE00-7198-4B6C-A094-C0B62A539F77}.Release|Any CPU.ActiveCfg = Release|Any CPU
		{7C16BE00-7198-4B6C-A094-C0B62A539F77}.Release|Any CPU.Build.0 = Release|Any CPU
		{E38E90AF-2F79-490E-8EE1-6650C2BDF49C}.Debug|Any CPU.ActiveCfg = Debug|Any CPU
		{E38E90AF-2F79-490E-8EE1-6650C2BDF49C}.Debug|Any CPU.Build.0 = Debug|Any CPU
		{E38E90AF-2F79-490E-8EE1-6650C2BDF49C}.Release|Any CPU.ActiveCfg = Release|Any CPU
		{E38E90AF-2F79-490E-8EE1-6650C2BDF49C}.Release|Any CPU.Build.0 = Release|Any CPU
		{DC682A5A-3ECD-4FB1-826E-A2BD988F40E3}.Debug|Any CPU.ActiveCfg = Debug|Any CPU
		{DC682A5A-3ECD-4FB1-826E-A2BD988F40E3}.Debug|Any CPU.Build.0 = Debug|Any CPU
		{DC682A5A-3ECD-4FB1-826E-A2BD988F40E3}.Release|Any CPU.ActiveCfg = Release|Any CPU
		{DC682A5A-3ECD-4FB1-826E-A2BD988F40E3}.Release|Any CPU.Build.0 = Release|Any CPU
		{67DC5C83-52A4-4C53-8948-A223DE05FF1E}.Debug|Any CPU.ActiveCfg = Debug|Any CPU
		{67DC5C83-52A4-4C53-8948-A223DE05FF1E}.Debug|Any CPU.Build.0 = Debug|Any CPU
		{67DC5C83-52A4-4C53-8948-A223DE05FF1E}.Release|Any CPU.ActiveCfg = Release|Any CPU
		{67DC5C83-52A4-4C53-8948-A223DE05FF1E}.Release|Any CPU.Build.0 = Release|Any CPU
		{20DA1B6B-651B-480F-BEA9-3E92673C5793}.Debug|Any CPU.ActiveCfg = Debug|Any CPU
		{20DA1B6B-651B-480F-BEA9-3E92673C5793}.Debug|Any CPU.Build.0 = Debug|Any CPU
		{20DA1B6B-651B-480F-BEA9-3E92673C5793}.Release|Any CPU.ActiveCfg = Release|Any CPU
		{20DA1B6B-651B-480F-BEA9-3E92673C5793}.Release|Any CPU.Build.0 = Release|Any CPU
		{DE280E3C-E711-4543-BF53-09D7840C3033}.Debug|Any CPU.ActiveCfg = Debug|Any CPU
		{DE280E3C-E711-4543-BF53-09D7840C3033}.Debug|Any CPU.Build.0 = Debug|Any CPU
		{DE280E3C-E711-4543-BF53-09D7840C3033}.Release|Any CPU.ActiveCfg = Release|Any CPU
		{DE280E3C-E711-4543-BF53-09D7840C3033}.Release|Any CPU.Build.0 = Release|Any CPU
		{AB33F7C1-FF29-4958-B176-81AC227451A5}.Debug|Any CPU.ActiveCfg = Debug|Any CPU
		{AB33F7C1-FF29-4958-B176-81AC227451A5}.Debug|Any CPU.Build.0 = Debug|Any CPU
		{AB33F7C1-FF29-4958-B176-81AC227451A5}.Release|Any CPU.ActiveCfg = Release|Any CPU
		{AB33F7C1-FF29-4958-B176-81AC227451A5}.Release|Any CPU.Build.0 = Release|Any CPU
		{A4CBD2B1-0E53-42AA-8AFA-E72C9D1180FE}.Debug|Any CPU.ActiveCfg = Debug|Any CPU
		{A4CBD2B1-0E53-42AA-8AFA-E72C9D1180FE}.Debug|Any CPU.Build.0 = Debug|Any CPU
		{A4CBD2B1-0E53-42AA-8AFA-E72C9D1180FE}.Release|Any CPU.ActiveCfg = Release|Any CPU
		{A4CBD2B1-0E53-42AA-8AFA-E72C9D1180FE}.Release|Any CPU.Build.0 = Release|Any CPU
		{B1B4FF6C-354C-4B73-B383-CD1D4F76400C}.Debug|Any CPU.ActiveCfg = Debug|Any CPU
		{B1B4FF6C-354C-4B73-B383-CD1D4F76400C}.Debug|Any CPU.Build.0 = Debug|Any CPU
		{B1B4FF6C-354C-4B73-B383-CD1D4F76400C}.Release|Any CPU.ActiveCfg = Release|Any CPU
		{B1B4FF6C-354C-4B73-B383-CD1D4F76400C}.Release|Any CPU.Build.0 = Release|Any CPU
	EndGlobalSection
	GlobalSection(SolutionProperties) = preSolution
		HideSolutionNode = FALSE
	EndGlobalSection
	GlobalSection(NestedProjects) = preSolution
		{D7439DC8-6400-4740-855B-BF68AA7C6B05} = {8E942C0C-AAAB-4962-87F6-3D0F584003F2}
		{B79BC184-2A06-4B40-9B45-C4722EEDA09D} = {8E942C0C-AAAB-4962-87F6-3D0F584003F2}
		{88A9E98A-0DDD-4D48-B073-0255B36A7E6F} = {8E942C0C-AAAB-4962-87F6-3D0F584003F2}
		{6DFB669B-7BB0-409B-90AE-6968470EA2CB} = {8E942C0C-AAAB-4962-87F6-3D0F584003F2}
		{2247EC45-45DE-4D00-9343-C0FBC3C8EFB4} = {8E942C0C-AAAB-4962-87F6-3D0F584003F2}
		{0E98C052-F67F-4826-A344-7685504CA955} = {8E942C0C-AAAB-4962-87F6-3D0F584003F2}
		{FD72D8C3-5FAC-4D33-AD68-FF0857132007} = {8E942C0C-AAAB-4962-87F6-3D0F584003F2}
		{7C16BE00-7198-4B6C-A094-C0B62A539F77} = {8E942C0C-AAAB-4962-87F6-3D0F584003F2}
		{20DA1B6B-651B-480F-BEA9-3E92673C5793} = {8E942C0C-AAAB-4962-87F6-3D0F584003F2}
		{AB33F7C1-FF29-4958-B176-81AC227451A5} = {8E942C0C-AAAB-4962-87F6-3D0F584003F2}
		{A4CBD2B1-0E53-42AA-8AFA-E72C9D1180FE} = {8E942C0C-AAAB-4962-87F6-3D0F584003F2}
		{B1B4FF6C-354C-4B73-B383-CD1D4F76400C} = {8E942C0C-AAAB-4962-87F6-3D0F584003F2}
	EndGlobalSection
	GlobalSection(ExtensibilityGlobals) = postSolution
		SolutionGuid = {90D6A734-35FA-4702-BDFD-74EADABDE821}
	EndGlobalSection
EndGlobal
